<?xml version="1.0" encoding="UTF-8"?>
<Project ToolsVersion="12.0" xmlns="http://schemas.microsoft.com/developer/msbuild/2003">
  <ItemGroup>
    <ClCompile Include="D:\Git\HCI-557-CG\assignments\02_3D_Modeling\hw2_main.cpp">
      <Filter>Source Files</Filter>
    </ClCompile>
    <ClCompile Include="D:\Git\HCI-557-CG\assignments\02_3D_Modeling\controls.cpp">
      <Filter>Source Files</Filter>
    </ClCompile>
    <ClCompile Include="D:\Git\HCI-557-CG\assignments\02_3D_Modeling\HCI557Common.cpp">
      <Filter>Source Files</Filter>
    </ClCompile>
    <ClCompile Include="D:\Git\HCI-557-CG\assignments\02_3D_Modeling\CoordSystem.cpp">
      <Filter>Source Files</Filter>
    </ClCompile>
  </ItemGroup>
  <ItemGroup>
    <ClInclude Include="D:\Git\HCI-557-CG\assignments\02_3D_Modeling\controls.h">
      <Filter>Header Files</Filter>
    </ClInclude>
    <ClInclude Include="D:\Git\HCI-557-CG\assignments\02_3D_Modeling\HCI557Common.h">
      <Filter>Header Files</Filter>
    </ClInclude>
    <ClInclude Include="D:\Git\HCI-557-CG\assignments\02_3D_Modeling\CoordSystem.h">
      <Filter>Header Files</Filter>
    </ClInclude>
  </ItemGroup>
  <ItemGroup>
    <CustomBuild Include="D:\Git\HCI-557-CG\assignments\02_3D_Modeling\CMakeLists.txt" />
  </ItemGroup>
  <ItemGroup>
    <Filter Include="Source Files">
      <UniqueIdentifier>{94055CFC-DECF-3B87-8DC9-7761FF17814E}</UniqueIdentifier>
    </Filter>
    <Filter Include="Header Files">
      <UniqueIdentifier>{344BF3DD-A98C-3AE8-B2E0-332CBFA73B60}</UniqueIdentifier>
    </Filter>
  </ItemGroup>
</Project>
