Microsoft Visual Studio Solution File, Format Version 12.00
# Visual Studio 2013
Project("{8BC9CEB8-8B4A-11D0-8D11-00A0C91BC942}") = "ALL_BUILD", "ALL_BUILD.vcxproj", "{C9FA4F69-0961-3C21-AAE2-5294E74B30FF}"
	ProjectSection(ProjectDependencies) = postProject
		{8494264E-084E-39EE-871F-0A4C556BC75A} = {8494264E-084E-39EE-871F-0A4C556BC75A}
		{A4533A15-09A7-3090-97D9-0F7752F7DE42} = {A4533A15-09A7-3090-97D9-0F7752F7DE42}
	EndProjectSection
EndProject
Project("{8BC9CEB8-8B4A-11D0-8D11-00A0C91BC942}") = "HW2_Program", "HW2_Program.vcxproj", "{8494264E-084E-39EE-871F-0A4C556BC75A}"
	ProjectSection(ProjectDependencies) = postProject
		{A4533A15-09A7-3090-97D9-0F7752F7DE42} = {A4533A15-09A7-3090-97D9-0F7752F7DE42}
	EndProjectSection
EndProject
Project("{8BC9CEB8-8B4A-11D0-8D11-00A0C91BC942}") = "ZERO_CHECK", "ZERO_CHECK.vcxproj", "{A4533A15-09A7-3090-97D9-0F7752F7DE42}"
	ProjectSection(ProjectDependencies) = postProject
	EndProjectSection
EndProject
Global
	GlobalSection(SolutionConfigurationPlatforms) = preSolution
		Debug|x64 = Debug|x64
		Release|x64 = Release|x64
		MinSizeRel|x64 = MinSizeRel|x64
		RelWithDebInfo|x64 = RelWithDebInfo|x64
	EndGlobalSection
	GlobalSection(ProjectConfigurationPlatforms) = postSolution
		{C9FA4F69-0961-3C21-AAE2-5294E74B30FF}.Debug|x64.ActiveCfg = Debug|x64
		{C9FA4F69-0961-3C21-AAE2-5294E74B30FF}.Release|x64.ActiveCfg = Release|x64
		{C9FA4F69-0961-3C21-AAE2-5294E74B30FF}.MinSizeRel|x64.ActiveCfg = MinSizeRel|x64
		{C9FA4F69-0961-3C21-AAE2-5294E74B30FF}.RelWithDebInfo|x64.ActiveCfg = RelWithDebInfo|x64
		{8494264E-084E-39EE-871F-0A4C556BC75A}.Debug|x64.ActiveCfg = Debug|x64
		{8494264E-084E-39EE-871F-0A4C556BC75A}.Debug|x64.Build.0 = Debug|x64
		{8494264E-084E-39EE-871F-0A4C556BC75A}.Release|x64.ActiveCfg = Release|x64
		{8494264E-084E-39EE-871F-0A4C556BC75A}.Release|x64.Build.0 = Release|x64
		{8494264E-084E-39EE-871F-0A4C556BC75A}.MinSizeRel|x64.ActiveCfg = MinSizeRel|x64
		{8494264E-084E-39EE-871F-0A4C556BC75A}.MinSizeRel|x64.Build.0 = MinSizeRel|x64
		{8494264E-084E-39EE-871F-0A4C556BC75A}.RelWithDebInfo|x64.ActiveCfg = RelWithDebInfo|x64
		{8494264E-084E-39EE-871F-0A4C556BC75A}.RelWithDebInfo|x64.Build.0 = RelWithDebInfo|x64
		{A4533A15-09A7-3090-97D9-0F7752F7DE42}.Debug|x64.ActiveCfg = Debug|x64
		{A4533A15-09A7-3090-97D9-0F7752F7DE42}.Debug|x64.Build.0 = Debug|x64
		{A4533A15-09A7-3090-97D9-0F7752F7DE42}.Release|x64.ActiveCfg = Release|x64
		{A4533A15-09A7-3090-97D9-0F7752F7DE42}.Release|x64.Build.0 = Release|x64
		{A4533A15-09A7-3090-97D9-0F7752F7DE42}.MinSizeRel|x64.ActiveCfg = MinSizeRel|x64
		{A4533A15-09A7-3090-97D9-0F7752F7DE42}.MinSizeRel|x64.Build.0 = MinSizeRel|x64
		{A4533A15-09A7-3090-97D9-0F7752F7DE42}.RelWithDebInfo|x64.ActiveCfg = RelWithDebInfo|x64
		{A4533A15-09A7-3090-97D9-0F7752F7DE42}.RelWithDebInfo|x64.Build.0 = RelWithDebInfo|x64
	EndGlobalSection
	GlobalSection(ExtensibilityGlobals) = postSolution
	EndGlobalSection
	GlobalSection(ExtensibilityAddIns) = postSolution
	EndGlobalSection
EndGlobal
